
Microsoft Visual Studio Solution File, Format Version 11.00
# Visual Studio 2010
Project("{FAE04EC0-301F-11D3-BF4B-00C04F79EFBC}") = "nightmares", "Assembly-CSharp.csproj", "{3361AB27-75F1-2A84-5593-C370F27286E7}"
EndProject
Project("{FAE04EC0-301F-11D3-BF4B-00C04F79EFBC}") = "nightmares", "Assembly-CSharp-Editor.csproj", "{460CE82F-9595-5FA6-A6D3-97B334B0A004}"
EndProject
Global
	GlobalSection(SolutionConfigurationPlatforms) = preSolution
		Debug|Any CPU = Debug|Any CPU
		Release|Any CPU = Release|Any CPU
	EndGlobalSection
	GlobalSection(ProjectConfigurationPlatforms) = postSolution
		{3361AB27-75F1-2A84-5593-C370F27286E7}.Debug|Any CPU.ActiveCfg = Debug|Any CPU
		{3361AB27-75F1-2A84-5593-C370F27286E7}.Debug|Any CPU.Build.0 = Debug|Any CPU
		{3361AB27-75F1-2A84-5593-C370F27286E7}.Release|Any CPU.ActiveCfg = Release|Any CPU
		{3361AB27-75F1-2A84-5593-C370F27286E7}.Release|Any CPU.Build.0 = Release|Any CPU
		{460CE82F-9595-5FA6-A6D3-97B334B0A004}.Debug|Any CPU.ActiveCfg = Debug|Any CPU
		{460CE82F-9595-5FA6-A6D3-97B334B0A004}.Debug|Any CPU.Build.0 = Debug|Any CPU
		{460CE82F-9595-5FA6-A6D3-97B334B0A004}.Release|Any CPU.ActiveCfg = Release|Any CPU
		{460CE82F-9595-5FA6-A6D3-97B334B0A004}.Release|Any CPU.Build.0 = Release|Any CPU
	EndGlobalSection
	GlobalSection(SolutionProperties) = preSolution
		HideSolutionNode = FALSE
	EndGlobalSection
	GlobalSection(MonoDevelopProperties) = preSolution
		StartupItem = Assembly-CSharp.csproj
	EndGlobalSection
EndGlobal
